
Microsoft Visual Studio Solution File, Format Version 12.00
# Visual Studio Version 17
VisualStudioVersion = 17.0.31612.314
MinimumVisualStudioVersion = 10.0.40219.1
Project("{FAE04EC0-301F-11D3-BF4B-00C04F79EFBC}") = "NumareMari", "NumareMari\NumareMari.csproj", "{C5E7837E-0192-4BA0-AD94-AF7DBE1FE5D4}"
EndProject
Global
	GlobalSection(SolutionConfigurationPlatforms) = preSolution
		Debug|Any CPU = Debug|Any CPU
		Release|Any CPU = Release|Any CPU
	EndGlobalSection
	GlobalSection(ProjectConfigurationPlatforms) = postSolution
		{C5E7837E-0192-4BA0-AD94-AF7DBE1FE5D4}.Debug|Any CPU.ActiveCfg = Debug|Any CPU
		{C5E7837E-0192-4BA0-AD94-AF7DBE1FE5D4}.Debug|Any CPU.Build.0 = Debug|Any CPU
		{C5E7837E-0192-4BA0-AD94-AF7DBE1FE5D4}.Release|Any CPU.ActiveCfg = Release|Any CPU
		{C5E7837E-0192-4BA0-AD94-AF7DBE1FE5D4}.Release|Any CPU.Build.0 = Release|Any CPU
	EndGlobalSection
	GlobalSection(SolutionProperties) = preSolution
		HideSolutionNode = FALSE
	EndGlobalSection
	GlobalSection(ExtensibilityGlobals) = postSolution
		SolutionGuid = {FA1B5B17-01EA-4601-9FE8-0B407A793E53}
	EndGlobalSection
EndGlobal
